// !$*UTF8*$!
{
	archiveVersion = 1;
	classes = {
	};
	objectVersion = 50;
	objects = {

/* Begin PBXBuildFile section */
		4EDD34FDF22A2350A6AFC3CD /* Pods_RxWikipwdiaAPI.framework in Frameworks */ = {isa = PBXBuildFile; fileRef = 1561B03792E0F4E47AF7443F /* Pods_RxWikipwdiaAPI.framework */; };
		EFEAFFCE22F6DC32004237BA /* AppDelegate.swift in Sources */ = {isa = PBXBuildFile; fileRef = EFEAFFCD22F6DC32004237BA /* AppDelegate.swift */; };
		EFEAFFD322F6DC32004237BA /* Main.storyboard in Resources */ = {isa = PBXBuildFile; fileRef = EFEAFFD122F6DC32004237BA /* Main.storyboard */; };
		EFEAFFD622F6DC32004237BA /* RxWikipwdiaAPI.xcdatamodeld in Sources */ = {isa = PBXBuildFile; fileRef = EFEAFFD422F6DC32004237BA /* RxWikipwdiaAPI.xcdatamodeld */; };
		EFEAFFD822F6DC34004237BA /* Assets.xcassets in Resources */ = {isa = PBXBuildFile; fileRef = EFEAFFD722F6DC34004237BA /* Assets.xcassets */; };
		EFEAFFDB22F6DC34004237BA /* LaunchScreen.storyboard in Resources */ = {isa = PBXBuildFile; fileRef = EFEAFFD922F6DC34004237BA /* LaunchScreen.storyboard */; };
		EFEAFFE322F6DC5F004237BA /* WikipwdiaSearchAPIModel.swift in Sources */ = {isa = PBXBuildFile; fileRef = EFEAFFE222F6DC5F004237BA /* WikipwdiaSearchAPIModel.swift */; };
		EFEAFFE522F6DC72004237BA /* WikipwdiaSearchAPIViewController.swift in Sources */ = {isa = PBXBuildFile; fileRef = EFEAFFE422F6DC72004237BA /* WikipwdiaSearchAPIViewController.swift */; };
		EFEAFFE722F6DC8B004237BA /* WikipwdiaSearchAPIViewModel.swift in Sources */ = {isa = PBXBuildFile; fileRef = EFEAFFE622F6DC8B004237BA /* WikipwdiaSearchAPIViewModel.swift */; };
		EFEAFFE922F6DC99004237BA /* WikipwdiaAPIClient.swift in Sources */ = {isa = PBXBuildFile; fileRef = EFEAFFE822F6DC99004237BA /* WikipwdiaAPIClient.swift */; };
		EFEAFFEB22F6DDD1004237BA /* Result.swift in Sources */ = {isa = PBXBuildFile; fileRef = EFEAFFEA22F6DDD1004237BA /* Result.swift */; };
/* End PBXBuildFile section */

/* Begin PBXFileReference section */
		09E04716A97BBBD375B35F86 /* Pods-RxWikipwdiaAPI.debug.xcconfig */ = {isa = PBXFileReference; includeInIndex = 1; lastKnownFileType = text.xcconfig; name = "Pods-RxWikipwdiaAPI.debug.xcconfig"; path = "Pods/Target Support Files/Pods-RxWikipwdiaAPI/Pods-RxWikipwdiaAPI.debug.xcconfig"; sourceTree = "<group>"; };
		1561B03792E0F4E47AF7443F /* Pods_RxWikipwdiaAPI.framework */ = {isa = PBXFileReference; explicitFileType = wrapper.framework; includeInIndex = 0; path = Pods_RxWikipwdiaAPI.framework; sourceTree = BUILT_PRODUCTS_DIR; };
		DB5CE9441A468D99B7FA8B1F /* Pods-RxWikipwdiaAPI.release.xcconfig */ = {isa = PBXFileReference; includeInIndex = 1; lastKnownFileType = text.xcconfig; name = "Pods-RxWikipwdiaAPI.release.xcconfig"; path = "Pods/Target Support Files/Pods-RxWikipwdiaAPI/Pods-RxWikipwdiaAPI.release.xcconfig"; sourceTree = "<group>"; };
		EFEAFFCA22F6DC32004237BA /* RxWikipwdiaAPI.app */ = {isa = PBXFileReference; explicitFileType = wrapper.application; includeInIndex = 0; path = RxWikipwdiaAPI.app; sourceTree = BUILT_PRODUCTS_DIR; };
		EFEAFFCD22F6DC32004237BA /* AppDelegate.swift */ = {isa = PBXFileReference; lastKnownFileType = sourcecode.swift; path = AppDelegate.swift; sourceTree = "<group>"; };
		EFEAFFD222F6DC32004237BA /* Base */ = {isa = PBXFileReference; lastKnownFileType = file.storyboard; name = Base; path = Base.lproj/Main.storyboard; sourceTree = "<group>"; };
		EFEAFFD522F6DC32004237BA /* RxWikipwdiaAPI.xcdatamodel */ = {isa = PBXFileReference; lastKnownFileType = wrapper.xcdatamodel; path = RxWikipwdiaAPI.xcdatamodel; sourceTree = "<group>"; };
		EFEAFFD722F6DC34004237BA /* Assets.xcassets */ = {isa = PBXFileReference; lastKnownFileType = folder.assetcatalog; path = Assets.xcassets; sourceTree = "<group>"; };
		EFEAFFDA22F6DC34004237BA /* Base */ = {isa = PBXFileReference; lastKnownFileType = file.storyboard; name = Base; path = Base.lproj/LaunchScreen.storyboard; sourceTree = "<group>"; };
		EFEAFFDC22F6DC34004237BA /* Info.plist */ = {isa = PBXFileReference; lastKnownFileType = text.plist.xml; path = Info.plist; sourceTree = "<group>"; };
		EFEAFFE222F6DC5F004237BA /* WikipwdiaSearchAPIModel.swift */ = {isa = PBXFileReference; lastKnownFileType = sourcecode.swift; path = WikipwdiaSearchAPIModel.swift; sourceTree = "<group>"; };
		EFEAFFE422F6DC72004237BA /* WikipwdiaSearchAPIViewController.swift */ = {isa = PBXFileReference; lastKnownFileType = sourcecode.swift; path = WikipwdiaSearchAPIViewController.swift; sourceTree = "<group>"; };
		EFEAFFE622F6DC8B004237BA /* WikipwdiaSearchAPIViewModel.swift */ = {isa = PBXFileReference; lastKnownFileType = sourcecode.swift; path = WikipwdiaSearchAPIViewModel.swift; sourceTree = "<group>"; };
		EFEAFFE822F6DC99004237BA /* WikipwdiaAPIClient.swift */ = {isa = PBXFileReference; lastKnownFileType = sourcecode.swift; path = WikipwdiaAPIClient.swift; sourceTree = "<group>"; };
		EFEAFFEA22F6DDD1004237BA /* Result.swift */ = {isa = PBXFileReference; lastKnownFileType = sourcecode.swift; path = Result.swift; sourceTree = "<group>"; };
/* End PBXFileReference section */

/* Begin PBXFrameworksBuildPhase section */
		EFEAFFC722F6DC32004237BA /* Frameworks */ = {
			isa = PBXFrameworksBuildPhase;
			buildActionMask = 2147483647;
			files = (
				4EDD34FDF22A2350A6AFC3CD /* Pods_RxWikipwdiaAPI.framework in Frameworks */,
			);
			runOnlyForDeploymentPostprocessing = 0;
		};
/* End PBXFrameworksBuildPhase section */

/* Begin PBXGroup section */
		1051F63E8B9F972E9972239B /* Pods */ = {
			isa = PBXGroup;
			children = (
				09E04716A97BBBD375B35F86 /* Pods-RxWikipwdiaAPI.debug.xcconfig */,
				DB5CE9441A468D99B7FA8B1F /* Pods-RxWikipwdiaAPI.release.xcconfig */,
			);
			name = Pods;
			sourceTree = "<group>";
		};
		8F97EB6F29A3511DAC479529 /* Frameworks */ = {
			isa = PBXGroup;
			children = (
				1561B03792E0F4E47AF7443F /* Pods_RxWikipwdiaAPI.framework */,
			);
			name = Frameworks;
			sourceTree = "<group>";
		};
		EFEAFFC122F6DC32004237BA = {
			isa = PBXGroup;
			children = (
				EFEAFFCC22F6DC32004237BA /* RxWikipwdiaAPI */,
				EFEAFFCB22F6DC32004237BA /* Products */,
				1051F63E8B9F972E9972239B /* Pods */,
				8F97EB6F29A3511DAC479529 /* Frameworks */,
			);
			sourceTree = "<group>";
		};
		EFEAFFCB22F6DC32004237BA /* Products */ = {
			isa = PBXGroup;
			children = (
				EFEAFFCA22F6DC32004237BA /* RxWikipwdiaAPI.app */,
			);
			name = Products;
			sourceTree = "<group>";
		};
		EFEAFFCC22F6DC32004237BA /* RxWikipwdiaAPI */ = {
			isa = PBXGroup;
			children = (
				EFEAFFEF22F6DFF1004237BA /* Commons */,
				EFEAFFEE22F6DFDF004237BA /* Model */,
				EFEAFFEC22F6DFC9004237BA /* View */,
				EFEAFFED22F6DFD5004237BA /* ViewModel */,
				EFEAFFD722F6DC34004237BA /* Assets.xcassets */,
				EFEAFFD922F6DC34004237BA /* LaunchScreen.storyboard */,
				EFEAFFDC22F6DC34004237BA /* Info.plist */,
				EFEAFFD422F6DC32004237BA /* RxWikipwdiaAPI.xcdatamodeld */,
			);
			path = RxWikipwdiaAPI;
			sourceTree = "<group>";
		};
		EFEAFFEC22F6DFC9004237BA /* View */ = {
			isa = PBXGroup;
			children = (
				EFEAFFD122F6DC32004237BA /* Main.storyboard */,
				EFEAFFE422F6DC72004237BA /* WikipwdiaSearchAPIViewController.swift */,
			);
			path = View;
			sourceTree = "<group>";
		};
		EFEAFFED22F6DFD5004237BA /* ViewModel */ = {
			isa = PBXGroup;
			children = (
				EFEAFFE622F6DC8B004237BA /* WikipwdiaSearchAPIViewModel.swift */,
			);
			path = ViewModel;
			sourceTree = "<group>";
		};
		EFEAFFEE22F6DFDF004237BA /* Model */ = {
			isa = PBXGroup;
			children = (
				EFEAFFEA22F6DDD1004237BA /* Result.swift */,
				EFEAFFE222F6DC5F004237BA /* WikipwdiaSearchAPIModel.swift */,
			);
			path = Model;
			sourceTree = "<group>";
		};
		EFEAFFEF22F6DFF1004237BA /* Commons */ = {
			isa = PBXGroup;
			children = (
				EFEAFFCD22F6DC32004237BA /* AppDelegate.swift */,
				EFEAFFE822F6DC99004237BA /* WikipwdiaAPIClient.swift */,
			);
			path = Commons;
			sourceTree = "<group>";
		};
/* End PBXGroup section */

/* Begin PBXNativeTarget section */
		EFEAFFC922F6DC32004237BA /* RxWikipwdiaAPI */ = {
			isa = PBXNativeTarget;
			buildConfigurationList = EFEAFFDF22F6DC34004237BA /* Build configuration list for PBXNativeTarget "RxWikipwdiaAPI" */;
			buildPhases = (
				7A16DA31F2CE125F1F02B92C /* [CP] Check Pods Manifest.lock */,
				EFEAFFC622F6DC32004237BA /* Sources */,
				EFEAFFC722F6DC32004237BA /* Frameworks */,
				EFEAFFC822F6DC32004237BA /* Resources */,
				13759BFD4A8C6662ECA891F0 /* [CP] Embed Pods Frameworks */,
			);
			buildRules = (
			);
			dependencies = (
			);
			name = RxWikipwdiaAPI;
			productName = RxWikipwdiaAPI;
			productReference = EFEAFFCA22F6DC32004237BA /* RxWikipwdiaAPI.app */;
			productType = "com.apple.product-type.application";
		};
/* End PBXNativeTarget section */

/* Begin PBXProject section */
		EFEAFFC222F6DC32004237BA /* Project object */ = {
			isa = PBXProject;
			attributes = {
				LastSwiftUpdateCheck = 1030;
				LastUpgradeCheck = 1030;
				ORGANIZATIONNAME = com.nagai;
				TargetAttributes = {
					EFEAFFC922F6DC32004237BA = {
						CreatedOnToolsVersion = 10.3;
					};
				};
			};
			buildConfigurationList = EFEAFFC522F6DC32004237BA /* Build configuration list for PBXProject "RxWikipwdiaAPI" */;
			compatibilityVersion = "Xcode 9.3";
			developmentRegion = en;
			hasScannedForEncodings = 0;
			knownRegions = (
				en,
				Base,
			);
			mainGroup = EFEAFFC122F6DC32004237BA;
			productRefGroup = EFEAFFCB22F6DC32004237BA /* Products */;
			projectDirPath = "";
			projectRoot = "";
			targets = (
				EFEAFFC922F6DC32004237BA /* RxWikipwdiaAPI */,
			);
		};
/* End PBXProject section */

/* Begin PBXResourcesBuildPhase section */
		EFEAFFC822F6DC32004237BA /* Resources */ = {
			isa = PBXResourcesBuildPhase;
			buildActionMask = 2147483647;
			files = (
				EFEAFFDB22F6DC34004237BA /* LaunchScreen.storyboard in Resources */,
				EFEAFFD822F6DC34004237BA /* Assets.xcassets in Resources */,
				EFEAFFD322F6DC32004237BA /* Main.storyboard in Resources */,
			);
			runOnlyForDeploymentPostprocessing = 0;
		};
/* End PBXResourcesBuildPhase section */

/* Begin PBXShellScriptBuildPhase section */
		13759BFD4A8C6662ECA891F0 /* [CP] Embed Pods Frameworks */ = {
			isa = PBXShellScriptBuildPhase;
			buildActionMask = 2147483647;
			files = (
			);
			inputPaths = (
				"${SRCROOT}/Pods/Target Support Files/Pods-RxWikipwdiaAPI/Pods-RxWikipwdiaAPI-frameworks.sh",
				"${BUILT_PRODUCTS_DIR}/Alamofire/Alamofire.framework",
				"${BUILT_PRODUCTS_DIR}/RxCocoa/RxCocoa.framework",
				"${BUILT_PRODUCTS_DIR}/RxSwift/RxSwift.framework",
			);
			name = "[CP] Embed Pods Frameworks";
			outputPaths = (
				"${TARGET_BUILD_DIR}/${FRAMEWORKS_FOLDER_PATH}/Alamofire.framework",
				"${TARGET_BUILD_DIR}/${FRAMEWORKS_FOLDER_PATH}/RxCocoa.framework",
				"${TARGET_BUILD_DIR}/${FRAMEWORKS_FOLDER_PATH}/RxSwift.framework",
			);
			runOnlyForDeploymentPostprocessing = 0;
			shellPath = /bin/sh;
			shellScript = "\"${SRCROOT}/Pods/Target Support Files/Pods-RxWikipwdiaAPI/Pods-RxWikipwdiaAPI-frameworks.sh\"\n";
			showEnvVarsInLog = 0;
		};
		7A16DA31F2CE125F1F02B92C /* [CP] Check Pods Manifest.lock */ = {
			isa = PBXShellScriptBuildPhase;
			buildActionMask = 2147483647;
			files = (
			);
			inputPaths = (
				"${PODS_PODFILE_DIR_PATH}/Podfile.lock",
				"${PODS_ROOT}/Manifest.lock",
			);
			name = "[CP] Check Pods Manifest.lock";
			outputPaths = (
				"$(DERIVED_FILE_DIR)/Pods-RxWikipwdiaAPI-checkManifestLockResult.txt",
			);
			runOnlyForDeploymentPostprocessing = 0;
			shellPath = /bin/sh;
			shellScript = "diff \"${PODS_PODFILE_DIR_PATH}/Podfile.lock\" \"${PODS_ROOT}/Manifest.lock\" > /dev/null\nif [ $? != 0 ] ; then\n    # print error to STDERR\n    echo \"error: The sandbox is not in sync with the Podfile.lock. Run 'pod install' or update your CocoaPods installation.\" >&2\n    exit 1\nfi\n# This output is used by Xcode 'outputs' to avoid re-running this script phase.\necho \"SUCCESS\" > \"${SCRIPT_OUTPUT_FILE_0}\"\n";
			showEnvVarsInLog = 0;
		};
/* End PBXShellScriptBuildPhase section */

/* Begin PBXSourcesBuildPhase section */
		EFEAFFC622F6DC32004237BA /* Sources */ = {
			isa = PBXSourcesBuildPhase;
			buildActionMask = 2147483647;
			files = (
				EFEAFFCE22F6DC32004237BA /* AppDelegate.swift in Sources */,
				EFEAFFE322F6DC5F004237BA /* WikipwdiaSearchAPIModel.swift in Sources */,
				EFEAFFE722F6DC8B004237BA /* WikipwdiaSearchAPIViewModel.swift in Sources */,
				EFEAFFE522F6DC72004237BA /* WikipwdiaSearchAPIViewController.swift in Sources */,
				EFEAFFD622F6DC32004237BA /* RxWikipwdiaAPI.xcdatamodeld in Sources */,
				EFEAFFEB22F6DDD1004237BA /* Result.swift in Sources */,
				EFEAFFE922F6DC99004237BA /* WikipwdiaAPIClient.swift in Sources */,
			);
			runOnlyForDeploymentPostprocessing = 0;
		};
/* End PBXSourcesBuildPhase section */

/* Begin PBXVariantGroup section */
		EFEAFFD122F6DC32004237BA /* Main.storyboard */ = {
			isa = PBXVariantGroup;
			children = (
				EFEAFFD222F6DC32004237BA /* Base */,
			);
			name = Main.storyboard;
			sourceTree = "<group>";
		};
		EFEAFFD922F6DC34004237BA /* LaunchScreen.storyboard */ = {
			isa = PBXVariantGroup;
			children = (
				EFEAFFDA22F6DC34004237BA /* Base */,
			);
			name = LaunchScreen.storyboard;
			sourceTree = "<group>";
		};
/* End PBXVariantGroup section */

/* Begin XCBuildConfiguration section */
		EFEAFFDD22F6DC34004237BA /* Debug */ = {
			isa = XCBuildConfiguration;
			buildSettings = {
				ALWAYS_SEARCH_USER_PATHS = NO;
				CLANG_ANALYZER_NONNULL = YES;
				CLANG_ANALYZER_NUMBER_OBJECT_CONVERSION = YES_AGGRESSIVE;
				CLANG_CXX_LANGUAGE_STANDARD = "gnu++14";
				CLANG_CXX_LIBRARY = "libc++";
				CLANG_ENABLE_MODULES = YES;
				CLANG_ENABLE_OBJC_ARC = YES;
				CLANG_ENABLE_OBJC_WEAK = YES;
				CLANG_WARN_BLOCK_CAPTURE_AUTORELEASING = YES;
				CLANG_WARN_BOOL_CONVERSION = YES;
				CLANG_WARN_COMMA = YES;
				CLANG_WARN_CONSTANT_CONVERSION = YES;
				CLANG_WARN_DEPRECATED_OBJC_IMPLEMENTATIONS = YES;
				CLANG_WARN_DIRECT_OBJC_ISA_USAGE = YES_ERROR;
				CLANG_WARN_DOCUMENTATION_COMMENTS = YES;
				CLANG_WARN_EMPTY_BODY = YES;
				CLANG_WARN_ENUM_CONVERSION = YES;
				CLANG_WARN_INFINITE_RECURSION = YES;
				CLANG_WARN_INT_CONVERSION = YES;
				CLANG_WARN_NON_LITERAL_NULL_CONVERSION = YES;
				CLANG_WARN_OBJC_IMPLICIT_RETAIN_SELF = YES;
				CLANG_WARN_OBJC_LITERAL_CONVERSION = YES;
				CLANG_WARN_OBJC_ROOT_CLASS = YES_ERROR;
				CLANG_WARN_RANGE_LOOP_ANALYSIS = YES;
				CLANG_WARN_STRICT_PROTOTYPES = YES;
				CLANG_WARN_SUSPICIOUS_MOVE = YES;
				CLANG_WARN_UNGUARDED_AVAILABILITY = YES_AGGRESSIVE;
				CLANG_WARN_UNREACHABLE_CODE = YES;
				CLANG_WARN__DUPLICATE_METHOD_MATCH = YES;
				CODE_SIGN_IDENTITY = "iPhone Developer";
				COPY_PHASE_STRIP = NO;
				DEBUG_INFORMATION_FORMAT = dwarf;
				ENABLE_STRICT_OBJC_MSGSEND = YES;
				ENABLE_TESTABILITY = YES;
				GCC_C_LANGUAGE_STANDARD = gnu11;
				GCC_DYNAMIC_NO_PIC = NO;
				GCC_NO_COMMON_BLOCKS = YES;
				GCC_OPTIMIZATION_LEVEL = 0;
				GCC_PREPROCESSOR_DEFINITIONS = (
					"DEBUG=1",
					"$(inherited)",
				);
				GCC_WARN_64_TO_32_BIT_CONVERSION = YES;
				GCC_WARN_ABOUT_RETURN_TYPE = YES_ERROR;
				GCC_WARN_UNDECLARED_SELECTOR = YES;
				GCC_WARN_UNINITIALIZED_AUTOS = YES_AGGRESSIVE;
				GCC_WARN_UNUSED_FUNCTION = YES;
				GCC_WARN_UNUSED_VARIABLE = YES;
				IPHONEOS_DEPLOYMENT_TARGET = 12.4;
				MTL_ENABLE_DEBUG_INFO = INCLUDE_SOURCE;
				MTL_FAST_MATH = YES;
				ONLY_ACTIVE_ARCH = YES;
				SDKROOT = iphoneos;
				SWIFT_ACTIVE_COMPILATION_CONDITIONS = DEBUG;
				SWIFT_OPTIMIZATION_LEVEL = "-Onone";
			};
			name = Debug;
		};
		EFEAFFDE22F6DC34004237BA /* Release */ = {
			isa = XCBuildConfiguration;
			buildSettings = {
				ALWAYS_SEARCH_USER_PATHS = NO;
				CLANG_ANALYZER_NONNULL = YES;
				CLANG_ANALYZER_NUMBER_OBJECT_CONVERSION = YES_AGGRESSIVE;
				CLANG_CXX_LANGUAGE_STANDARD = "gnu++14";
				CLANG_CXX_LIBRARY = "libc++";
				CLANG_ENABLE_MODULES = YES;
				CLANG_ENABLE_OBJC_ARC = YES;
				CLANG_ENABLE_OBJC_WEAK = YES;
				CLANG_WARN_BLOCK_CAPTURE_AUTORELEASING = YES;
				CLANG_WARN_BOOL_CONVERSION = YES;
				CLANG_WARN_COMMA = YES;
				CLANG_WARN_CONSTANT_CONVERSION = YES;
				CLANG_WARN_DEPRECATED_OBJC_IMPLEMENTATIONS = YES;
				CLANG_WARN_DIRECT_OBJC_ISA_USAGE = YES_ERROR;
				CLANG_WARN_DOCUMENTATION_COMMENTS = YES;
				CLANG_WARN_EMPTY_BODY = YES;
				CLANG_WARN_ENUM_CONVERSION = YES;
				CLANG_WARN_INFINITE_RECURSION = YES;
				CLANG_WARN_INT_CONVERSION = YES;
				CLANG_WARN_NON_LITERAL_NULL_CONVERSION = YES;
				CLANG_WARN_OBJC_IMPLICIT_RETAIN_SELF = YES;
				CLANG_WARN_OBJC_LITERAL_CONVERSION = YES;
				CLANG_WARN_OBJC_ROOT_CLASS = YES_ERROR;
				CLANG_WARN_RANGE_LOOP_ANALYSIS = YES;
				CLANG_WARN_STRICT_PROTOTYPES = YES;
				CLANG_WARN_SUSPICIOUS_MOVE = YES;
				CLANG_WARN_UNGUARDED_AVAILABILITY = YES_AGGRESSIVE;
				CLANG_WARN_UNREACHABLE_CODE = YES;
				CLANG_WARN__DUPLICATE_METHOD_MATCH = YES;
				CODE_SIGN_IDENTITY = "iPhone Developer";
				COPY_PHASE_STRIP = NO;
				DEBUG_INFORMATION_FORMAT = "dwarf-with-dsym";
				ENABLE_NS_ASSERTIONS = NO;
				ENABLE_STRICT_OBJC_MSGSEND = YES;
				GCC_C_LANGUAGE_STANDARD = gnu11;
				GCC_NO_COMMON_BLOCKS = YES;
				GCC_WARN_64_TO_32_BIT_CONVERSION = YES;
				GCC_WARN_ABOUT_RETURN_TYPE = YES_ERROR;
				GCC_WARN_UNDECLARED_SELECTOR = YES;
				GCC_WARN_UNINITIALIZED_AUTOS = YES_AGGRESSIVE;
				GCC_WARN_UNUSED_FUNCTION = YES;
				GCC_WARN_UNUSED_VARIABLE = YES;
				IPHONEOS_DEPLOYMENT_TARGET = 12.4;
				MTL_ENABLE_DEBUG_INFO = NO;
				MTL_FAST_MATH = YES;
				SDKROOT = iphoneos;
				SWIFT_COMPILATION_MODE = wholemodule;
				SWIFT_OPTIMIZATION_LEVEL = "-O";
				VALIDATE_PRODUCT = YES;
			};
			name = Release;
		};
		EFEAFFE022F6DC34004237BA /* Debug */ = {
			isa = XCBuildConfiguration;
			baseConfigurationReference = 09E04716A97BBBD375B35F86 /* Pods-RxWikipwdiaAPI.debug.xcconfig */;
			buildSettings = {
				ASSETCATALOG_COMPILER_APPICON_NAME = AppIcon;
				CODE_SIGN_STYLE = Automatic;
				DEVELOPMENT_TEAM = ZMM4WWA6BY;
				INFOPLIST_FILE = RxWikipwdiaAPI/Info.plist;
				LD_RUNPATH_SEARCH_PATHS = (
					"$(inherited)",
					"@executable_path/Frameworks",
				);
				PRODUCT_BUNDLE_IDENTIFIER = com.nagai.RxWikipwdiaAPI;
				PRODUCT_NAME = "$(TARGET_NAME)";
				SWIFT_VERSION = 5.0;
				TARGETED_DEVICE_FAMILY = "1,2";
			};
			name = Debug;
		};
		EFEAFFE122F6DC34004237BA /* Release */ = {
			isa = XCBuildConfiguration;
			baseConfigurationReference = DB5CE9441A468D99B7FA8B1F /* Pods-RxWikipwdiaAPI.release.xcconfig */;
			buildSettings = {
				ASSETCATALOG_COMPILER_APPICON_NAME = AppIcon;
				CODE_SIGN_STYLE = Automatic;
				DEVELOPMENT_TEAM = ZMM4WWA6BY;
				INFOPLIST_FILE = RxWikipwdiaAPI/Info.plist;
				LD_RUNPATH_SEARCH_PATHS = (
					"$(inherited)",
					"@executable_path/Frameworks",
				);
				PRODUCT_BUNDLE_IDENTIFIER = com.nagai.RxWikipwdiaAPI;
				PRODUCT_NAME = "$(TARGET_NAME)";
				SWIFT_VERSION = 5.0;
				TARGETED_DEVICE_FAMILY = "1,2";
			};
			name = Release;
		};
/* End XCBuildConfiguration section */

/* Begin XCConfigurationList section */
		EFEAFFC522F6DC32004237BA /* Build configuration list for PBXProject "RxWikipwdiaAPI" */ = {
			isa = XCConfigurationList;
			buildConfigurations = (
				EFEAFFDD22F6DC34004237BA /* Debug */,
				EFEAFFDE22F6DC34004237BA /* Release */,
			);
			defaultConfigurationIsVisible = 0;
			defaultConfigurationName = Release;
		};
		EFEAFFDF22F6DC34004237BA /* Build configuration list for PBXNativeTarget "RxWikipwdiaAPI" */ = {
			isa = XCConfigurationList;
			buildConfigurations = (
				EFEAFFE022F6DC34004237BA /* Debug */,
				EFEAFFE122F6DC34004237BA /* Release */,
			);
			defaultConfigurationIsVisible = 0;
			defaultConfigurationName = Release;
		};
/* End XCConfigurationList section */

/* Begin XCVersionGroup section */
		EFEAFFD422F6DC32004237BA /* RxWikipwdiaAPI.xcdatamodeld */ = {
			isa = XCVersionGroup;
			children = (
				EFEAFFD522F6DC32004237BA /* RxWikipwdiaAPI.xcdatamodel */,
			);
			currentVersion = EFEAFFD522F6DC32004237BA /* RxWikipwdiaAPI.xcdatamodel */;
			path = RxWikipwdiaAPI.xcdatamodeld;
			sourceTree = "<group>";
			versionGroupType = wrapper.xcdatamodel;
		};
/* End XCVersionGroup section */
	};
	rootObject = EFEAFFC222F6DC32004237BA /* Project object */;
}
